
Microsoft Visual Studio Solution File, Format Version 12.00
# Visual Studio Version 16
VisualStudioVersion = 16.0.30413.136
MinimumVisualStudioVersion = 10.0.40219.1
Project("{FAE04EC0-301F-11D3-BF4B-00C04F79EFBC}") = "Generics", "Generics.csproj", "{F519B7AA-7D4D-4D5D-A19E-DB1A50BD01E3}"
EndProject
Global
	GlobalSection(SolutionConfigurationPlatforms) = preSolution
		Debug|Any CPU = Debug|Any CPU
		Release|Any CPU = Release|Any CPU
	EndGlobalSection
	GlobalSection(ProjectConfigurationPlatforms) = postSolution
		{F519B7AA-7D4D-4D5D-A19E-DB1A50BD01E3}.Debug|Any CPU.ActiveCfg = Debug|Any CPU
		{F519B7AA-7D4D-4D5D-A19E-DB1A50BD01E3}.Debug|Any CPU.Build.0 = Debug|Any CPU
		{F519B7AA-7D4D-4D5D-A19E-DB1A50BD01E3}.Release|Any CPU.ActiveCfg = Release|Any CPU
		{F519B7AA-7D4D-4D5D-A19E-DB1A50BD01E3}.Release|Any CPU.Build.0 = Release|Any CPU
	EndGlobalSection
	GlobalSection(SolutionProperties) = preSolution
		HideSolutionNode = FALSE
	EndGlobalSection
	GlobalSection(ExtensibilityGlobals) = postSolution
		SolutionGuid = {1E130E9B-1E6B-4CB9-89ED-58C9F170FDD6}
	EndGlobalSection
EndGlobal
